
Microsoft Visual Studio Solution File, Format Version 12.00
# Visual Studio Version 16
VisualStudioVersion = 16.0.31829.152
MinimumVisualStudioVersion = 10.0.40219.1
Project("{F184B08F-C81C-45F6-A57F-5ABD9991F28F}") = "01-HelloWorld", "01-HelloWorld\01-HelloWorld.vbproj", "{BCD50984-E203-447E-A4AC-642594E028A1}"
EndProject
Project("{F184B08F-C81C-45F6-A57F-5ABD9991F28F}") = "02-Data-Types", "02-Data-Types\02-Data-Types.vbproj", "{134AAB24-999C-4793-84E1-C749990FB9E5}"
EndProject
Project("{F184B08F-C81C-45F6-A57F-5ABD9991F28F}") = "03-scope", "03-scope\03-scope.vbproj", "{4116407F-23F3-4EFD-9F84-2225BFCFFEA3}"
EndProject
Global
	GlobalSection(SolutionConfigurationPlatforms) = preSolution
		Debug|Any CPU = Debug|Any CPU
		Release|Any CPU = Release|Any CPU
	EndGlobalSection
	GlobalSection(ProjectConfigurationPlatforms) = postSolution
		{BCD50984-E203-447E-A4AC-642594E028A1}.Debug|Any CPU.ActiveCfg = Debug|Any CPU
		{BCD50984-E203-447E-A4AC-642594E028A1}.Debug|Any CPU.Build.0 = Debug|Any CPU
		{BCD50984-E203-447E-A4AC-642594E028A1}.Release|Any CPU.ActiveCfg = Release|Any CPU
		{BCD50984-E203-447E-A4AC-642594E028A1}.Release|Any CPU.Build.0 = Release|Any CPU
		{134AAB24-999C-4793-84E1-C749990FB9E5}.Debug|Any CPU.ActiveCfg = Debug|Any CPU
		{134AAB24-999C-4793-84E1-C749990FB9E5}.Debug|Any CPU.Build.0 = Debug|Any CPU
		{134AAB24-999C-4793-84E1-C749990FB9E5}.Release|Any CPU.ActiveCfg = Release|Any CPU
		{134AAB24-999C-4793-84E1-C749990FB9E5}.Release|Any CPU.Build.0 = Release|Any CPU
		{4116407F-23F3-4EFD-9F84-2225BFCFFEA3}.Debug|Any CPU.ActiveCfg = Debug|Any CPU
		{4116407F-23F3-4EFD-9F84-2225BFCFFEA3}.Debug|Any CPU.Build.0 = Debug|Any CPU
		{4116407F-23F3-4EFD-9F84-2225BFCFFEA3}.Release|Any CPU.ActiveCfg = Release|Any CPU
		{4116407F-23F3-4EFD-9F84-2225BFCFFEA3}.Release|Any CPU.Build.0 = Release|Any CPU
	EndGlobalSection
	GlobalSection(SolutionProperties) = preSolution
		HideSolutionNode = FALSE
	EndGlobalSection
	GlobalSection(ExtensibilityGlobals) = postSolution
		SolutionGuid = {04465BD2-3BFE-4B3D-8F9C-9EF76DCC1269}
	EndGlobalSection
EndGlobal
