
Microsoft Visual Studio Solution File, Format Version 12.00
# Visual Studio Version 16
VisualStudioVersion = 16.0.31829.152
MinimumVisualStudioVersion = 10.0.40219.1
Project("{778DAE3C-4631-46EA-AA77-85C1314464D9}") = "01-HelloWorld", "01-HelloWorld\01-HelloWorld.vbproj", "{BCD50984-E203-447E-A4AC-642594E028A1}"
EndProject
Project("{778DAE3C-4631-46EA-AA77-85C1314464D9}") = "02-Data-Types", "02-Data-Types\02-Data-Types.vbproj", "{134AAB24-999C-4793-84E1-C749990FB9E5}"
EndProject
Project("{778DAE3C-4631-46EA-AA77-85C1314464D9}") = "03-scope", "03-scope\03-scope.vbproj", "{4116407F-23F3-4EFD-9F84-2225BFCFFEA3}"
EndProject
Project("{778DAE3C-4631-46EA-AA77-85C1314464D9}") = "04-constant", "04-constant\04-constant.vbproj", "{8D421C57-447B-4BF3-910C-EDCA5E36D43E}"
EndProject
Project("{778DAE3C-4631-46EA-AA77-85C1314464D9}") = "05-Type-Conversion", "05-Type-Conversion\05-Type-Conversion.vbproj", "{B4A41A1D-5E3F-4523-B060-1124290F62CA}"
EndProject
Project("{778DAE3C-4631-46EA-AA77-85C1314464D9}") = "06-Operators", "06-Operators\06-Operators.vbproj", "{4D42208C-FCD8-4DE2-9887-30D96C258921}"
EndProject
Project("{778DAE3C-4631-46EA-AA77-85C1314464D9}") = "07-conditionals", "07-conditionals\07-conditionals.vbproj", "{6321AA25-748F-44CC-A085-1BD7EA1F069D}"
EndProject
Project("{778DAE3C-4631-46EA-AA77-85C1314464D9}") = "08-Loops", "08-Loops\08-Loops.vbproj", "{21105526-8E59-42B0-85E7-1673B405AC9F}"
EndProject
Project("{778DAE3C-4631-46EA-AA77-85C1314464D9}") = "09-Exception-Handling-cli", "09-Exception-Handling-cli\09-Exception-Handling-cli.vbproj", "{2087B5B8-7A78-4A83-980E-35FEC269535E}"
EndProject
Project("{778DAE3C-4631-46EA-AA77-85C1314464D9}") = "10-Exception-Handling-gui", "10-Exception-Handling-gui\10-Exception-Handling-gui.vbproj", "{B85A8658-5E8B-44CF-929F-B7FFA4A91EFD}"
EndProject
Project("{778DAE3C-4631-46EA-AA77-85C1314464D9}") = "11-Array-cli", "11-Array-cli\11-Array-cli.vbproj", "{0CAF8BB3-2470-47D1-9342-4304A674221A}"
EndProject
Project("{F184B08F-C81C-45F6-A57F-5ABD9991F28F}") = "12-HashTable", "12-HashTable\12-HashTable.vbproj", "{6C1AD039-32C7-472F-9DA6-A4673C4EFA28}"
EndProject
Global
	GlobalSection(SolutionConfigurationPlatforms) = preSolution
		Debug|Any CPU = Debug|Any CPU
		Release|Any CPU = Release|Any CPU
	EndGlobalSection
	GlobalSection(ProjectConfigurationPlatforms) = postSolution
		{BCD50984-E203-447E-A4AC-642594E028A1}.Debug|Any CPU.ActiveCfg = Debug|Any CPU
		{BCD50984-E203-447E-A4AC-642594E028A1}.Debug|Any CPU.Build.0 = Debug|Any CPU
		{BCD50984-E203-447E-A4AC-642594E028A1}.Release|Any CPU.ActiveCfg = Release|Any CPU
		{BCD50984-E203-447E-A4AC-642594E028A1}.Release|Any CPU.Build.0 = Release|Any CPU
		{134AAB24-999C-4793-84E1-C749990FB9E5}.Debug|Any CPU.ActiveCfg = Debug|Any CPU
		{134AAB24-999C-4793-84E1-C749990FB9E5}.Debug|Any CPU.Build.0 = Debug|Any CPU
		{134AAB24-999C-4793-84E1-C749990FB9E5}.Release|Any CPU.ActiveCfg = Release|Any CPU
		{134AAB24-999C-4793-84E1-C749990FB9E5}.Release|Any CPU.Build.0 = Release|Any CPU
		{4116407F-23F3-4EFD-9F84-2225BFCFFEA3}.Debug|Any CPU.ActiveCfg = Debug|Any CPU
		{4116407F-23F3-4EFD-9F84-2225BFCFFEA3}.Debug|Any CPU.Build.0 = Debug|Any CPU
		{4116407F-23F3-4EFD-9F84-2225BFCFFEA3}.Release|Any CPU.ActiveCfg = Release|Any CPU
		{4116407F-23F3-4EFD-9F84-2225BFCFFEA3}.Release|Any CPU.Build.0 = Release|Any CPU
		{8D421C57-447B-4BF3-910C-EDCA5E36D43E}.Debug|Any CPU.ActiveCfg = Debug|Any CPU
		{8D421C57-447B-4BF3-910C-EDCA5E36D43E}.Debug|Any CPU.Build.0 = Debug|Any CPU
		{8D421C57-447B-4BF3-910C-EDCA5E36D43E}.Release|Any CPU.ActiveCfg = Release|Any CPU
		{8D421C57-447B-4BF3-910C-EDCA5E36D43E}.Release|Any CPU.Build.0 = Release|Any CPU
		{B4A41A1D-5E3F-4523-B060-1124290F62CA}.Debug|Any CPU.ActiveCfg = Debug|Any CPU
		{B4A41A1D-5E3F-4523-B060-1124290F62CA}.Debug|Any CPU.Build.0 = Debug|Any CPU
		{B4A41A1D-5E3F-4523-B060-1124290F62CA}.Release|Any CPU.ActiveCfg = Release|Any CPU
		{B4A41A1D-5E3F-4523-B060-1124290F62CA}.Release|Any CPU.Build.0 = Release|Any CPU
		{4D42208C-FCD8-4DE2-9887-30D96C258921}.Debug|Any CPU.ActiveCfg = Debug|Any CPU
		{4D42208C-FCD8-4DE2-9887-30D96C258921}.Debug|Any CPU.Build.0 = Debug|Any CPU
		{4D42208C-FCD8-4DE2-9887-30D96C258921}.Release|Any CPU.ActiveCfg = Release|Any CPU
		{4D42208C-FCD8-4DE2-9887-30D96C258921}.Release|Any CPU.Build.0 = Release|Any CPU
		{6321AA25-748F-44CC-A085-1BD7EA1F069D}.Debug|Any CPU.ActiveCfg = Debug|Any CPU
		{6321AA25-748F-44CC-A085-1BD7EA1F069D}.Debug|Any CPU.Build.0 = Debug|Any CPU
		{6321AA25-748F-44CC-A085-1BD7EA1F069D}.Release|Any CPU.ActiveCfg = Release|Any CPU
		{6321AA25-748F-44CC-A085-1BD7EA1F069D}.Release|Any CPU.Build.0 = Release|Any CPU
		{21105526-8E59-42B0-85E7-1673B405AC9F}.Debug|Any CPU.ActiveCfg = Debug|Any CPU
		{21105526-8E59-42B0-85E7-1673B405AC9F}.Debug|Any CPU.Build.0 = Debug|Any CPU
		{21105526-8E59-42B0-85E7-1673B405AC9F}.Release|Any CPU.ActiveCfg = Release|Any CPU
		{21105526-8E59-42B0-85E7-1673B405AC9F}.Release|Any CPU.Build.0 = Release|Any CPU
		{2087B5B8-7A78-4A83-980E-35FEC269535E}.Debug|Any CPU.ActiveCfg = Debug|Any CPU
		{2087B5B8-7A78-4A83-980E-35FEC269535E}.Debug|Any CPU.Build.0 = Debug|Any CPU
		{2087B5B8-7A78-4A83-980E-35FEC269535E}.Release|Any CPU.ActiveCfg = Release|Any CPU
		{2087B5B8-7A78-4A83-980E-35FEC269535E}.Release|Any CPU.Build.0 = Release|Any CPU
		{B85A8658-5E8B-44CF-929F-B7FFA4A91EFD}.Debug|Any CPU.ActiveCfg = Debug|Any CPU
		{B85A8658-5E8B-44CF-929F-B7FFA4A91EFD}.Debug|Any CPU.Build.0 = Debug|Any CPU
		{B85A8658-5E8B-44CF-929F-B7FFA4A91EFD}.Release|Any CPU.ActiveCfg = Release|Any CPU
		{B85A8658-5E8B-44CF-929F-B7FFA4A91EFD}.Release|Any CPU.Build.0 = Release|Any CPU
		{0CAF8BB3-2470-47D1-9342-4304A674221A}.Debug|Any CPU.ActiveCfg = Debug|Any CPU
		{0CAF8BB3-2470-47D1-9342-4304A674221A}.Debug|Any CPU.Build.0 = Debug|Any CPU
		{0CAF8BB3-2470-47D1-9342-4304A674221A}.Release|Any CPU.ActiveCfg = Release|Any CPU
		{0CAF8BB3-2470-47D1-9342-4304A674221A}.Release|Any CPU.Build.0 = Release|Any CPU
		{6C1AD039-32C7-472F-9DA6-A4673C4EFA28}.Debug|Any CPU.ActiveCfg = Debug|Any CPU
		{6C1AD039-32C7-472F-9DA6-A4673C4EFA28}.Debug|Any CPU.Build.0 = Debug|Any CPU
		{6C1AD039-32C7-472F-9DA6-A4673C4EFA28}.Release|Any CPU.ActiveCfg = Release|Any CPU
		{6C1AD039-32C7-472F-9DA6-A4673C4EFA28}.Release|Any CPU.Build.0 = Release|Any CPU
	EndGlobalSection
	GlobalSection(SolutionProperties) = preSolution
		HideSolutionNode = FALSE
	EndGlobalSection
	GlobalSection(ExtensibilityGlobals) = postSolution
		SolutionGuid = {04465BD2-3BFE-4B3D-8F9C-9EF76DCC1269}
	EndGlobalSection
EndGlobal
